{
    "_readme": [
        "This file locks the dependencies of your project to a known state",
        "Read more about it at https://getcomposer.org/doc/01-basic-usage.md#installing-dependencies",
        "This file is @generated automatically"
    ],
    "content-hash": "e55ec11091189e92e004718e27e08cec",
    "packages": [],
    "packages-dev": [
        {
            "name": "schranz/mono",
            "version": "2.2.2",
            "source": {
                "type": "git",
                "url": "https://github.com/alexander-schranz/mono.git",
                "reference": "97893cf2c310aabaa5ef97d671864dd5a9754079"
            },
            "dist": {
                "type": "zip",
                "url": "https://api.github.com/repos/alexander-schranz/mono/zipball/97893cf2c310aabaa5ef97d671864dd5a9754079",
                "reference": "97893cf2c310aabaa5ef97d671864dd5a9754079",
                "shasum": ""
            },
            "require": {
                "php": "^8.1"
            },
            "bin": [
                "bin/mono"
            ],
            "type": "library",
            "notification-url": "https://packagist.org/downloads/",
            "license": [
                "MIT"
            ],
            "authors": [
                {
                    "name": "Alexander Schranz",
                    "email": "alexander@sulu.io"
                }
            ],
            "description": "A binary to run commands in a monorepo",
            "keywords": [
                "mono",
                "monorepo",
                "monorepository"
            ],
            "support": {
                "issues": "https://github.com/alexander-schranz/mono/issues",
                "source": "https://github.com/alexander-schranz/mono/tree/2.2.2"
            },
            "time": "2026-01-28T06:09:58+00:00"
        }
    ],
    "aliases": [],
    "minimum-stability": "stable",
    "stability-flags": {},
    "prefer-stable": false,
    "prefer-lowest": false,
    "platform": {},
    "platform-dev": {},
    "plugin-api-version": "2.9.0"
}
